
Microsoft Visual Studio Solution File, Format Version 12.00
# Visual Studio 15
VisualStudioVersion = 15.0.28307.539
MinimumVisualStudioVersion = 10.0.40219.1
Project("{FAE04EC0-301F-11D3-BF4B-00C04F79EFBC}") = "Ex04.Menus.Test", "Ex04.Menus.Test\Ex04.Menus.Test.csproj", "{3570DFE5-67E3-4337-A623-4EBE64B87465}"
EndProject
Project("{FAE04EC0-301F-11D3-BF4B-00C04F79EFBC}") = "Ex04.Menues.Interfaces", "Ex04.Menues.Interfaces\Ex04.Menues.Interfaces.csproj", "{79B2FAF1-7C3F-447F-9EDA-6F419ACC787B}"
EndProject
Project("{FAE04EC0-301F-11D3-BF4B-00C04F79EFBC}") = "Ex04.Menus.Delegates", "Ex04.Menus.Delegates\Ex04.Menus.Delegates.csproj", "{5009B1AB-CD5D-4864-9C75-DD930B5EAD37}"
EndProject
Global
	GlobalSection(SolutionConfigurationPlatforms) = preSolution
		Debug|Any CPU = Debug|Any CPU
		Release|Any CPU = Release|Any CPU
	EndGlobalSection
	GlobalSection(ProjectConfigurationPlatforms) = postSolution
		{3570DFE5-67E3-4337-A623-4EBE64B87465}.Debug|Any CPU.ActiveCfg = Debug|Any CPU
		{3570DFE5-67E3-4337-A623-4EBE64B87465}.Debug|Any CPU.Build.0 = Debug|Any CPU
		{3570DFE5-67E3-4337-A623-4EBE64B87465}.Release|Any CPU.ActiveCfg = Release|Any CPU
		{3570DFE5-67E3-4337-A623-4EBE64B87465}.Release|Any CPU.Build.0 = Release|Any CPU
		{79B2FAF1-7C3F-447F-9EDA-6F419ACC787B}.Debug|Any CPU.ActiveCfg = Debug|Any CPU
		{79B2FAF1-7C3F-447F-9EDA-6F419ACC787B}.Debug|Any CPU.Build.0 = Debug|Any CPU
		{79B2FAF1-7C3F-447F-9EDA-6F419ACC787B}.Release|Any CPU.ActiveCfg = Release|Any CPU
		{79B2FAF1-7C3F-447F-9EDA-6F419ACC787B}.Release|Any CPU.Build.0 = Release|Any CPU
		{5009B1AB-CD5D-4864-9C75-DD930B5EAD37}.Debug|Any CPU.ActiveCfg = Debug|Any CPU
		{5009B1AB-CD5D-4864-9C75-DD930B5EAD37}.Debug|Any CPU.Build.0 = Debug|Any CPU
		{5009B1AB-CD5D-4864-9C75-DD930B5EAD37}.Release|Any CPU.ActiveCfg = Release|Any CPU
		{5009B1AB-CD5D-4864-9C75-DD930B5EAD37}.Release|Any CPU.Build.0 = Release|Any CPU
	EndGlobalSection
	GlobalSection(SolutionProperties) = preSolution
		HideSolutionNode = FALSE
	EndGlobalSection
	GlobalSection(ExtensibilityGlobals) = postSolution
		SolutionGuid = {ED324851-896D-4F6B-A386-347640A5AAB2}
	EndGlobalSection
EndGlobal
